
Microsoft Visual Studio Solution File, Format Version 12.00
# Visual Studio Version 17
VisualStudioVersion = 17.0.31903.59
MinimumVisualStudioVersion = 10.0.40219.1
Project("{FAE04EC0-301F-11D3-BF4B-00C04F79EFBC}") = "MeadowPlugin", "src\dotnet\MeadowPlugin\MeadowPlugin.csproj", "{32C1B836-477B-4FF6-9B3E-AE7DE6C9BAD1}"
EndProject
Project("{2150E333-8FDC-42A3-9474-1A3956D46DE8}") = "Solution Items", "Solution Items", "{C56989BB-F07B-4FF6-AB36-782B93109977}"
	ProjectSection(SolutionItems) = preProject
		src\dotnet\Directory.Build.props = src\dotnet\Directory.Build.props
	EndProjectSection
EndProject
Project("{2150E333-8FDC-42A3-9474-1A3956D46DE8}") = "Externals", "Externals", "{02D77B11-50B0-463C-9EA7-D455985E3614}"
EndProject
Project("{FAE04EC0-301F-11D3-BF4B-00C04F79EFBC}") = "Meadow.Tooling.Core.Rider", "..\Meadow.CLI\Source\v2\Meadow.Tooling.Core\Meadow.Tooling.Core.Rider.csproj", "{BBA551B1-A516-4C6F-9D9C-5C7C6C6A49D4}"
EndProject
Project("{FAE04EC0-301F-11D3-BF4B-00C04F79EFBC}") = "Meadow.HCom.Rider", "..\Meadow.CLI\Source\v2\Meadow.HCom\Meadow.HCom.Rider.csproj", "{1E60FA61-0C5D-4064-9E2D-53A78C0CE268}"
EndProject
Project("{FAE04EC0-301F-11D3-BF4B-00C04F79EFBC}") = "Meadow.Linker.Rider", "..\Meadow.CLI\Source\v2\Meadow.Linker\Meadow.Linker.Rider.csproj", "{1705D857-B29B-4F3D-BABF-EE82F1150141}"
EndProject
Project("{FAE04EC0-301F-11D3-BF4B-00C04F79EFBC}") = "Meadow.SoftwareManager.Rider", "..\Meadow.CLI\Source\v2\Meadow.SoftwareManager\Meadow.SoftwareManager.Rider.csproj", "{C746F73D-037C-4D68-8ED2-69533CA91B1F}"
EndProject
Project("{FAE04EC0-301F-11D3-BF4B-00C04F79EFBC}") = "Meadow.Cloud.Client.Rider", "..\Meadow.CLI\Source\v2\Meadow.Cloud.Client\Meadow.Cloud.Client.Rider.csproj", "{0F670C96-FDE7-4AFF-937D-CCF7B629901F}"
EndProject
Global
	GlobalSection(SolutionConfigurationPlatforms) = preSolution
		Debug|Any CPU = Debug|Any CPU
		Release|Any CPU = Release|Any CPU
	EndGlobalSection
	GlobalSection(SolutionProperties) = preSolution
		HideSolutionNode = FALSE
	EndGlobalSection
	GlobalSection(ProjectConfigurationPlatforms) = postSolution
		{6C399786-820A-4F0B-935B-C0ED2DE207F5}.Debug|Any CPU.ActiveCfg = Debug|Any CPU
		{6C399786-820A-4F0B-935B-C0ED2DE207F5}.Debug|Any CPU.Build.0 = Debug|Any CPU
		{6C399786-820A-4F0B-935B-C0ED2DE207F5}.Release|Any CPU.ActiveCfg = Release|Any CPU
		{6C399786-820A-4F0B-935B-C0ED2DE207F5}.Release|Any CPU.Build.0 = Release|Any CPU
		{32C1B836-477B-4FF6-9B3E-AE7DE6C9BAD1}.Debug|Any CPU.ActiveCfg = Debug|Any CPU
		{32C1B836-477B-4FF6-9B3E-AE7DE6C9BAD1}.Debug|Any CPU.Build.0 = Debug|Any CPU
		{32C1B836-477B-4FF6-9B3E-AE7DE6C9BAD1}.Release|Any CPU.ActiveCfg = Release|Any CPU
		{32C1B836-477B-4FF6-9B3E-AE7DE6C9BAD1}.Release|Any CPU.Build.0 = Release|Any CPU
		{D93C68F7-4D36-45B9-B19E-6FBC9390F6EA}.Debug|Any CPU.ActiveCfg = Debug|Any CPU
		{D93C68F7-4D36-45B9-B19E-6FBC9390F6EA}.Debug|Any CPU.Build.0 = Debug|Any CPU
		{D93C68F7-4D36-45B9-B19E-6FBC9390F6EA}.Release|Any CPU.ActiveCfg = Release|Any CPU
		{D93C68F7-4D36-45B9-B19E-6FBC9390F6EA}.Release|Any CPU.Build.0 = Release|Any CPU
		{22D2A98B-D281-4702-9F03-66945BC8819F}.Debug|Any CPU.ActiveCfg = Debug|Any CPU
		{22D2A98B-D281-4702-9F03-66945BC8819F}.Debug|Any CPU.Build.0 = Debug|Any CPU
		{22D2A98B-D281-4702-9F03-66945BC8819F}.Release|Any CPU.ActiveCfg = Release|Any CPU
		{22D2A98B-D281-4702-9F03-66945BC8819F}.Release|Any CPU.Build.0 = Release|Any CPU
		{AD84A19A-BE6B-4DAA-A9AE-72DB6D5092B2}.Debug|Any CPU.ActiveCfg = Debug|Any CPU
		{AD84A19A-BE6B-4DAA-A9AE-72DB6D5092B2}.Debug|Any CPU.Build.0 = Debug|Any CPU
		{AD84A19A-BE6B-4DAA-A9AE-72DB6D5092B2}.Release|Any CPU.ActiveCfg = Release|Any CPU
		{AD84A19A-BE6B-4DAA-A9AE-72DB6D5092B2}.Release|Any CPU.Build.0 = Release|Any CPU
		{E4B87EED-5D34-423D-A623-A00AA2C8CB7B}.Debug|Any CPU.ActiveCfg = Debug|Any CPU
		{E4B87EED-5D34-423D-A623-A00AA2C8CB7B}.Debug|Any CPU.Build.0 = Debug|Any CPU
		{E4B87EED-5D34-423D-A623-A00AA2C8CB7B}.Release|Any CPU.ActiveCfg = Release|Any CPU
		{E4B87EED-5D34-423D-A623-A00AA2C8CB7B}.Release|Any CPU.Build.0 = Release|Any CPU
		{DE536DFC-8442-4364-A316-ACF7FD14A960}.Debug|Any CPU.ActiveCfg = Debug|Any CPU
		{DE536DFC-8442-4364-A316-ACF7FD14A960}.Debug|Any CPU.Build.0 = Debug|Any CPU
		{DE536DFC-8442-4364-A316-ACF7FD14A960}.Release|Any CPU.ActiveCfg = Release|Any CPU
		{DE536DFC-8442-4364-A316-ACF7FD14A960}.Release|Any CPU.Build.0 = Release|Any CPU
		{BBA551B1-A516-4C6F-9D9C-5C7C6C6A49D4}.Debug|Any CPU.ActiveCfg = Debug|Any CPU
		{BBA551B1-A516-4C6F-9D9C-5C7C6C6A49D4}.Debug|Any CPU.Build.0 = Debug|Any CPU
		{BBA551B1-A516-4C6F-9D9C-5C7C6C6A49D4}.Release|Any CPU.ActiveCfg = Release|Any CPU
		{BBA551B1-A516-4C6F-9D9C-5C7C6C6A49D4}.Release|Any CPU.Build.0 = Release|Any CPU
		{1E60FA61-0C5D-4064-9E2D-53A78C0CE268}.Debug|Any CPU.ActiveCfg = Debug|Any CPU
		{1E60FA61-0C5D-4064-9E2D-53A78C0CE268}.Debug|Any CPU.Build.0 = Debug|Any CPU
		{1E60FA61-0C5D-4064-9E2D-53A78C0CE268}.Release|Any CPU.ActiveCfg = Release|Any CPU
		{1E60FA61-0C5D-4064-9E2D-53A78C0CE268}.Release|Any CPU.Build.0 = Release|Any CPU
		{1705D857-B29B-4F3D-BABF-EE82F1150141}.Debug|Any CPU.ActiveCfg = Debug|Any CPU
		{1705D857-B29B-4F3D-BABF-EE82F1150141}.Debug|Any CPU.Build.0 = Debug|Any CPU
		{1705D857-B29B-4F3D-BABF-EE82F1150141}.Release|Any CPU.ActiveCfg = Release|Any CPU
		{1705D857-B29B-4F3D-BABF-EE82F1150141}.Release|Any CPU.Build.0 = Release|Any CPU
		{C746F73D-037C-4D68-8ED2-69533CA91B1F}.Debug|Any CPU.ActiveCfg = Debug|Any CPU
		{C746F73D-037C-4D68-8ED2-69533CA91B1F}.Debug|Any CPU.Build.0 = Debug|Any CPU
		{C746F73D-037C-4D68-8ED2-69533CA91B1F}.Release|Any CPU.ActiveCfg = Release|Any CPU
		{C746F73D-037C-4D68-8ED2-69533CA91B1F}.Release|Any CPU.Build.0 = Release|Any CPU
		{0F670C96-FDE7-4AFF-937D-CCF7B629901F}.Debug|Any CPU.ActiveCfg = Debug|Any CPU
		{0F670C96-FDE7-4AFF-937D-CCF7B629901F}.Debug|Any CPU.Build.0 = Debug|Any CPU
		{0F670C96-FDE7-4AFF-937D-CCF7B629901F}.Release|Any CPU.ActiveCfg = Release|Any CPU
		{0F670C96-FDE7-4AFF-937D-CCF7B629901F}.Release|Any CPU.Build.0 = Release|Any CPU
	EndGlobalSection
	GlobalSection(NestedProjects) = preSolution
		{D93C68F7-4D36-45B9-B19E-6FBC9390F6EA} = {02D77B11-50B0-463C-9EA7-D455985E3614}
		{22D2A98B-D281-4702-9F03-66945BC8819F} = {02D77B11-50B0-463C-9EA7-D455985E3614}
		{AD84A19A-BE6B-4DAA-A9AE-72DB6D5092B2} = {02D77B11-50B0-463C-9EA7-D455985E3614}
		{E4B87EED-5D34-423D-A623-A00AA2C8CB7B} = {02D77B11-50B0-463C-9EA7-D455985E3614}
		{DE536DFC-8442-4364-A316-ACF7FD14A960} = {02D77B11-50B0-463C-9EA7-D455985E3614}
		{BBA551B1-A516-4C6F-9D9C-5C7C6C6A49D4} = {02D77B11-50B0-463C-9EA7-D455985E3614}
		{1E60FA61-0C5D-4064-9E2D-53A78C0CE268} = {02D77B11-50B0-463C-9EA7-D455985E3614}
		{1705D857-B29B-4F3D-BABF-EE82F1150141} = {02D77B11-50B0-463C-9EA7-D455985E3614}
		{C746F73D-037C-4D68-8ED2-69533CA91B1F} = {02D77B11-50B0-463C-9EA7-D455985E3614}
		{0F670C96-FDE7-4AFF-937D-CCF7B629901F} = {02D77B11-50B0-463C-9EA7-D455985E3614}
	EndGlobalSection
EndGlobal
